
Microsoft Visual Studio Solution File, Format Version 12.00
# Visual Studio 15
VisualStudioVersion = 15.0.27703.2035
MinimumVisualStudioVersion = 10.0.40219.1
Project("{FAE04EC0-301F-11D3-BF4B-00C04F79EFBC}") = "BeameWindowsInstaller", "BeameWindowsInstaller.csproj", "{45A86B3D-A3AC-4959-9C45-B6024DE87E82}"
EndProject
Global
	GlobalSection(SolutionConfigurationPlatforms) = preSolution
		Debug|Any CPU = Debug|Any CPU
		Release|Any CPU = Release|Any CPU
	EndGlobalSection
	GlobalSection(ProjectConfigurationPlatforms) = postSolution
		{45A86B3D-A3AC-4959-9C45-B6024DE87E82}.Debug|Any CPU.ActiveCfg = Debug|Any CPU
		{45A86B3D-A3AC-4959-9C45-B6024DE87E82}.Debug|Any CPU.Build.0 = Debug|Any CPU
		{45A86B3D-A3AC-4959-9C45-B6024DE87E82}.Release|Any CPU.ActiveCfg = Release|Any CPU
		{45A86B3D-A3AC-4959-9C45-B6024DE87E82}.Release|Any CPU.Build.0 = Release|Any CPU
	EndGlobalSection
	GlobalSection(SolutionProperties) = preSolution
		HideSolutionNode = FALSE
	EndGlobalSection
	GlobalSection(ExtensibilityGlobals) = postSolution
		SolutionGuid = {54DD8A75-D619-4770-B739-60C84D6B7C09}
	EndGlobalSection
EndGlobal
